
Microsoft Visual Studio Solution File, Format Version 12.00
# Visual Studio 15
VisualStudioVersion = 15.0.27130.2027
MinimumVisualStudioVersion = 10.0.40219.1
Project("{8BC9CEB8-8B4A-11D0-8D11-00A0C91BC942}") = "nes", "src\nes.vcxproj", "{952A025D-62C1-44F4-8BC0-627A842D42B8}"
EndProject
Project("{8BC9CEB8-8B4A-11D0-8D11-00A0C91BC942}") = "EightBit", "libraries\EightBit\src\EightBit.vcxproj", "{A9C24BD9-0CB4-4C84-B09B-46B815F9DA47}"
EndProject
Project("{8BC9CEB8-8B4A-11D0-8D11-00A0C91BC942}") = "Ricoh2A03", "libraries\EightBit\Ricoh2A03\src\Ricoh2A03.vcxproj", "{CCF67510-C3BD-40FD-BF13-9FA9B9BCFE43}"
EndProject
Project("{8BC9CEB8-8B4A-11D0-8D11-00A0C91BC942}") = "M6502", "libraries\EightBit\M6502\src\M6502.vcxproj", "{D8726A1B-BBFE-47EF-9860-26B90140BA66}"
EndProject
Global
	GlobalSection(Performance) = preSolution
		HasPerformanceSessions = true
	EndGlobalSection
	GlobalSection(SolutionConfigurationPlatforms) = preSolution
		Debug|x64 = Debug|x64
		Debug|x86 = Debug|x86
		Release|x64 = Release|x64
		Release|x86 = Release|x86
	EndGlobalSection
	GlobalSection(ProjectConfigurationPlatforms) = postSolution
		{952A025D-62C1-44F4-8BC0-627A842D42B8}.Debug|x64.ActiveCfg = Debug|x64
		{952A025D-62C1-44F4-8BC0-627A842D42B8}.Debug|x64.Build.0 = Debug|x64
		{952A025D-62C1-44F4-8BC0-627A842D42B8}.Debug|x86.ActiveCfg = Debug|Win32
		{952A025D-62C1-44F4-8BC0-627A842D42B8}.Debug|x86.Build.0 = Debug|Win32
		{952A025D-62C1-44F4-8BC0-627A842D42B8}.Release|x64.ActiveCfg = Release|x64
		{952A025D-62C1-44F4-8BC0-627A842D42B8}.Release|x64.Build.0 = Release|x64
		{952A025D-62C1-44F4-8BC0-627A842D42B8}.Release|x86.ActiveCfg = Release|Win32
		{952A025D-62C1-44F4-8BC0-627A842D42B8}.Release|x86.Build.0 = Release|Win32
		{A9C24BD9-0CB4-4C84-B09B-46B815F9DA47}.Debug|x64.ActiveCfg = Debug|x64
		{A9C24BD9-0CB4-4C84-B09B-46B815F9DA47}.Debug|x64.Build.0 = Debug|x64
		{A9C24BD9-0CB4-4C84-B09B-46B815F9DA47}.Debug|x86.ActiveCfg = Debug|Win32
		{A9C24BD9-0CB4-4C84-B09B-46B815F9DA47}.Debug|x86.Build.0 = Debug|Win32
		{A9C24BD9-0CB4-4C84-B09B-46B815F9DA47}.Release|x64.ActiveCfg = Release|x64
		{A9C24BD9-0CB4-4C84-B09B-46B815F9DA47}.Release|x64.Build.0 = Release|x64
		{A9C24BD9-0CB4-4C84-B09B-46B815F9DA47}.Release|x86.ActiveCfg = Release|Win32
		{A9C24BD9-0CB4-4C84-B09B-46B815F9DA47}.Release|x86.Build.0 = Release|Win32
		{CCF67510-C3BD-40FD-BF13-9FA9B9BCFE43}.Debug|x64.ActiveCfg = Debug|x64
		{CCF67510-C3BD-40FD-BF13-9FA9B9BCFE43}.Debug|x64.Build.0 = Debug|x64
		{CCF67510-C3BD-40FD-BF13-9FA9B9BCFE43}.Debug|x86.ActiveCfg = Debug|Win32
		{CCF67510-C3BD-40FD-BF13-9FA9B9BCFE43}.Debug|x86.Build.0 = Debug|Win32
		{CCF67510-C3BD-40FD-BF13-9FA9B9BCFE43}.Release|x64.ActiveCfg = Release|x64
		{CCF67510-C3BD-40FD-BF13-9FA9B9BCFE43}.Release|x64.Build.0 = Release|x64
		{CCF67510-C3BD-40FD-BF13-9FA9B9BCFE43}.Release|x86.ActiveCfg = Release|Win32
		{CCF67510-C3BD-40FD-BF13-9FA9B9BCFE43}.Release|x86.Build.0 = Release|Win32
		{D8726A1B-BBFE-47EF-9860-26B90140BA66}.Debug|x64.ActiveCfg = Debug|x64
		{D8726A1B-BBFE-47EF-9860-26B90140BA66}.Debug|x64.Build.0 = Debug|x64
		{D8726A1B-BBFE-47EF-9860-26B90140BA66}.Debug|x86.ActiveCfg = Debug|Win32
		{D8726A1B-BBFE-47EF-9860-26B90140BA66}.Debug|x86.Build.0 = Debug|Win32
		{D8726A1B-BBFE-47EF-9860-26B90140BA66}.Release|x64.ActiveCfg = Release|x64
		{D8726A1B-BBFE-47EF-9860-26B90140BA66}.Release|x64.Build.0 = Release|x64
		{D8726A1B-BBFE-47EF-9860-26B90140BA66}.Release|x86.ActiveCfg = Release|Win32
		{D8726A1B-BBFE-47EF-9860-26B90140BA66}.Release|x86.Build.0 = Release|Win32
	EndGlobalSection
	GlobalSection(SolutionProperties) = preSolution
		HideSolutionNode = FALSE
	EndGlobalSection
	GlobalSection(ExtensibilityGlobals) = postSolution
		SolutionGuid = {789B6695-EFA0-44B5-88DD-EF6212ED5FEA}
	EndGlobalSection
EndGlobal
